{"version": "1", "metadata": {"name": "examplepack", "title": "Example Pack", "version": "1.0.0", "authors": ["Lgmrszd", "le_weee"], "minecraft_version": "1.12.2", "forge_version": "14.23.5.2854"}, "resolutions": {"bwm-suite": {"projectId": 246760, "name": "Better With Mods", "fileId": 2965308, "fileName": "BetterWithMods-1.12-2.3.23.jar", "author": "primetoxinz", "downloadUrl": "https://edge.forgecdn.net/files/2965/308/BetterWithMods-1.12-2.3.23.jar", "website": "https://www.curseforge.com/minecraft/mc-mods/bwm-suite", "version": "BetterWithMods-1.12-2.3.23.jar", "clientonly": false, "serveronly": false, "optional": false, "recommendation": "starred", "selected": false, "description": null, "type": "mod"}, "bwm-core": {"projectId": 294335, "name": "Better With Lib (BWM - Core)", "fileId": 2624990, "fileName": "BetterWithLib-1.12-1.5.jar", "author": "primetoxinz", "downloadUrl": "https://edge.forgecdn.net/files/2624/990/BetterWithLib-1.12-1.5.jar", "website": "https://www.curseforge.com/minecraft/mc-mods/bwm-core", "version": "BetterWithLib-1.12-1.5.jar", "clientonly": false, "serveronly": false, "optional": false, "recommendation": "starred", "selected": false, "description": null, "type": "mod"}, "gregtechce": {"projectId": 293327, "name": "GregTech Community Edition", "fileId": 3107885, "fileName": "gregtech-1.12.2-1.10.5.582.jar", "author": "archengius", "downloadUrl": "https://edge.forgecdn.net/files/3107/885/gregtech-1.12.2-1.10.5.582.jar", "website": "https://www.curseforge.com/minecraft/mc-mods/gregtechce", "version": "gregtech-1.12.2-1.10.5.582.jar", "clientonly": false, "serveronly": false, "optional": false, "recommendation": "starred", "selected": false, "description": null, "type": "mod"}, "codechicken-lib-1-8": {"projectId": 242818, "name": "CodeChicken Lib 1.8.+", "fileId": 2779848, "fileName": "CodeChickenLib-1.12.2-3.2.3.358-universal.jar", "author": "covers1624", "downloadUrl": "https://edge.forgecdn.net/files/2779/848/CodeChickenLib-1.12.2-3.2.3.358-universal.jar", "website": "https://www.curseforge.com/minecraft/mc-mods/codechicken-lib-1-8", "version": "CodeChicken Lib 1.12.2-3.2.3.358-universal", "clientonly": false, "serveronly": false, "optional": false, "recommendation": "starred", "selected": false, "description": null, "type": "mod"}, "tfcraft": {"projectId": 302973, "name": "TerraFirmaCraft", "fileId": 3117257, "fileName": "TerraFirmaCraft-MC1.12.2-1.7.9.167.jar", "author": "Dries007", "downloadUrl": "https://edge.forgecdn.net/files/3117/257/TerraFirmaCraft-MC1.12.2-1.7.9.167.jar", "website": "https://www.curseforge.com/minecraft/mc-mods/tfcraft", "version": "TerraFirmaCraft-MC1.12.2-1.7.9.167.jar", "clientonly": false, "serveronly": false, "optional": false, "recommendation": "starred", "selected": false, "description": null, "type": "mod"}, "mysticalmechanics": {"projectId": 300742, "name": "Mystical Mechanics API", "fileId": 3006392, "fileName": "Mystical Mechanics-0.18.jar", "author": "BordListian", "downloadUrl": "https://edge.forgecdn.net/files/3006/392/Mystical Mechanics-0.18.jar", "website": "https://www.curseforge.com/minecraft/mc-mods/mysticalmechanics", "version": "Mystical Mechanics-0.18.jar", "clientonly": false, "serveronly": false, "optional": false, "recommendation": "starred", "selected": false, "description": null, "type": "mod"}, "mystical-gears": {"projectId": 317915, "name": "Mystical Gears", "fileId": 3105580, "fileName": "mystgears-1.1.6.jar", "author": "RCXcrafter", "downloadUrl": "https://edge.forgecdn.net/files/3105/580/mystgears-1.1.6.jar", "website": "https://www.curseforge.com/minecraft/mc-mods/mystical-gears", "version": "mystgears-1.1.6.jar", "clientonly": false, "serveronly": false, "optional": false, "recommendation": "starred", "selected": false, "description": null, "type": "mod"}, "mechanical-crafting": {"projectId": 359671, "name": "Mechanical Crafting", "fileId": 3059296, "fileName": "MechanicalCrafting-1.2.1.jar", "author": "decivex", "downloadUrl": "https://edge.forgecdn.net/files/3059/296/MechanicalCrafting-1.2.1.jar", "website": "https://www.curseforge.com/minecraft/mc-mods/mechanical-crafting", "version": "MechanicalCrafting-1.2.1.jar", "clientonly": false, "serveronly": false, "optional": false, "recommendation": "starred", "selected": false, "description": null, "type": "mod"}, "embers-rekindled": {"projectId": 300777, "name": "Embers Rekindled", "fileId": 3010691, "fileName": "EmbersRekindled-1.14-hotfix.jar", "author": "BordListian", "downloadUrl": "https://edge.forgecdn.net/files/3010/691/EmbersRekindled-1.14-hotfix.jar", "website": "https://www.curseforge.com/minecraft/mc-mods/embers-rekindled", "version": "EmbersRekindled-1.14-hotfix.jar", "clientonly": false, "serveronly": false, "optional": false, "recommendation": "starred", "selected": false, "description": null, "type": "mod"}, "soot": {"projectId": 281528, "name": "Soot", "fileId": 3056967, "fileName": "Soot-1.10-hotfix.jar", "author": "BordListian", "downloadUrl": "https://edge.forgecdn.net/files/3056/967/Soot-1.10-hotfix.jar", "website": "https://www.curseforge.com/minecraft/mc-mods/soot", "version": "Soot-1.10-hotfix.jar", "clientonly": false, "serveronly": false, "optional": false, "recommendation": "starred", "selected": false, "description": null, "type": "mod"}, "rustic": {"projectId": 256141, "name": "Rustic", "fileId": 3107974, "fileName": "rustic-1.1.7.jar", "author": "mangoose3039", "downloadUrl": "https://edge.forgecdn.net/files/3107/974/rustic-1.1.7.jar", "website": "https://www.curseforge.com/minecraft/mc-mods/rustic", "version": "rustic-1.1.7.jar", "clientonly": false, "serveronly": false, "optional": false, "recommendation": "starred", "selected": false, "description": null, "type": "mod"}, "heterorustichromia": {"projectId": 363734, "name": "Heterorustichromia", "fileId": 2980748, "fileName": "Rustichromia-0.9.jar", "author": "BordListian", "downloadUrl": "https://edge.forgecdn.net/files/2980/748/Rustichromia-0.9.jar", "website": "https://www.curseforge.com/minecraft/mc-mods/heterorustichromia", "version": "Rustichromia-0.9.jar", "clientonly": false, "serveronly": false, "optional": false, "recommendation": "starred", "selected": false, "description": null, "type": "mod"}, "jei": {"projectId": 238222, "name": "Just Enough Items (JEI)", "fileId": 3043174, "fileName": "jei_1.12.2-4.16.1.302.jar", "author": "mezz", "downloadUrl": "https://edge.forgecdn.net/files/3043/174/jei_1.12.2-4.16.1.302.jar", "website": "https://www.curseforge.com/minecraft/mc-mods/jei", "version": "jei_1.12.2-4.16.1.302.jar", "clientonly": false, "serveronly": false, "optional": false, "recommendation": "starred", "selected": false, "description": null, "type": "mod"}, "the-one-probe": {"projectId": 245211, "name": "The One Probe", "fileId": 2667280, "fileName": "theoneprobe-1.12-1.4.28.jar", "author": "McJty", "downloadUrl": "https://edge.forgecdn.net/files/2667/280/theoneprobe-1.12-1.4.28.jar", "website": "https://www.curseforge.com/minecraft/mc-mods/the-one-probe", "version": "TheOneProbe - 1.12-1.4.28", "clientonly": false, "serveronly": false, "optional": false, "recommendation": "starred", "selected": false, "description": null, "type": "mod"}, "top-addons": {"projectId": 247111, "name": "TOP Addons", "fileId": 2887479, "fileName": "topaddons-1.12.2-1.13.0.jar", "author": "DrManganese", "downloadUrl": "https://edge.forgecdn.net/files/2887/479/topaddons-1.12.2-1.13.0.jar", "website": "https://www.curseforge.com/minecraft/mc-mods/top-addons", "version": "topaddons-1.12.2-1.13.0.jar", "clientonly": false, "serveronly": false, "optional": false, "recommendation": "starred", "selected": false, "description": null, "type": "mod"}, "patchouli": {"projectId": 306770, "name": "Patchouli", "fileId": 3087124, "fileName": "Patchouli-1.0-22.jar", "author": "Vazkii", "downloadUrl": "https://edge.forgecdn.net/files/3087/124/Patchouli-1.0-22.jar", "website": "https://www.curseforge.com/minecraft/mc-mods/patchouli", "version": "Patchouli-1.0-22.jar", "clientonly": false, "serveronly": false, "optional": false, "recommendation": "starred", "selected": false, "description": null, "type": "mod"}, "crafttweaker": {"projectId": 239197, "name": "CraftTweaker", "fileId": 3110031, "fileName": "CraftTweaker2-1.12-4.1.20.602.jar", "author": "Jaredlll08", "downloadUrl": "https://edge.forgecdn.net/files/3110/31/CraftTweaker2-1.12-4.1.20.602.jar", "website": "https://www.curseforge.com/minecraft/mc-mods/crafttweaker", "version": "CraftTweaker2-1.12-4.1.20.602.jar", "clientonly": false, "serveronly": false, "optional": false, "recommendation": "starred", "selected": false, "description": null, "type": "mod"}, "railcraft": {"projectId": 51195, "name": "Railcraft", "fileId": 2687757, "fileName": "railcraft-12.0.0.jar", "author": "Covert_Jaguar", "downloadUrl": "https://edge.forgecdn.net/files/2687/757/railcraft-12.0.0.jar", "website": "https://www.curseforge.com/minecraft/mc-mods/railcraft", "version": "Railcraft 12.0.0 - MC 1.12.2", "clientonly": false, "serveronly": false, "optional": false, "recommendation": "starred", "selected": false, "description": null, "type": "mod"}, "forestry": {"projectId": 59751, "name": "Forestry", "fileId": 2918418, "fileName": "forestry_1.12.2-5.8.2.422.jar", "author": "_ForgeUser7678633", "downloadUrl": "https://edge.forgecdn.net/files/2918/418/forestry_1.12.2-5.8.2.422.jar", "website": "https://www.curseforge.com/minecraft/mc-mods/forestry", "version": "forestry_1.12.2-5.8.2.422.jar", "clientonly": false, "serveronly": false, "optional": false, "recommendation": "starred", "selected": false, "description": null, "type": "mod"}, "immersive-engineering": {"projectId": 231951, "name": "Immersive Engineering", "fileId": 2974106, "fileName": "ImmersiveEngineering-0.12-98.jar", "author": "BluSunrize", "downloadUrl": "https://edge.forgecdn.net/files/2974/106/ImmersiveEngineering-0.12-98.jar", "website": "https://www.curseforge.com/minecraft/mc-mods/immersive-engineering", "version": "ImmersiveEngineering-0.12-98", "clientonly": false, "serveronly": false, "optional": false, "recommendation": "starred", "selected": false, "description": null, "type": "mod"}, "sakura": {"projectId": 333079, "name": "Sakura", "fileId": 3119749, "fileName": "Sakura-1.0.4.1-1.12.2.jar", "author": "sz0999312", "downloadUrl": "https://edge.forgecdn.net/files/3119/749/Sakura-1.0.4.1-1.12.2.jar", "website": "https://www.curseforge.com/minecraft/mc-mods/sakura", "version": "Sakura-1.0.4.1-1.12.2.jar", "clientonly": false, "serveronly": false, "optional": false, "recommendation": "starred", "selected": false, "description": null, "type": "mod"}, "mysterious-mountain-lib": {"projectId": 368098, "name": "Mysterious Mountain Lib", "fileId": 3115671, "fileName": "MMLib-2.1.0.jar", "author": "sz0999312", "downloadUrl": "https://edge.forgecdn.net/files/3115/671/MMLib-2.1.0.jar", "website": "https://www.curseforge.com/minecraft/mc-mods/mysterious-mountain-lib", "version": "MMLib-2.1.0.jar", "clientonly": false, "serveronly": false, "optional": false, "recommendation": "starred", "selected": false, "description": null, "type": "mod"}}, "files": [{"location": "src/"}], "extraopt": {}}