{"version": "1", "metadata": {"name": "tfctng-bwm-gtce", "title": "TFC:TNG-BWM-GTCE", "version": "0.0.1-dev", "authors": ["Lgmrszd", "le_weee"], "minecraft_version": "1.12.2", "forge_version": "14.23.5.2854"}, "resolutions": {"bwm-suite": {"projectId": 246760, "name": "Better With Mods", "fileId": 2965308, "fileName": "BetterWithMods-1.12-2.3.23.jar", "author": "primetoxinz", "downloadUrl": "https://edge.forgecdn.net/files/2965/308/BetterWithMods-1.12-2.3.23.jar", "website": "https://www.curseforge.com/minecraft/mc-mods/bwm-suite", "version": "BetterWithMods-1.12-2.3.23.jar", "clientonly": false, "serveronly": false, "optional": false, "recommendation": "starred", "selected": false, "description": null, "type": "mod"}, "bwm-core": {"projectId": 294335, "name": "Better With Lib (BWM - Core)", "fileId": 2624990, "fileName": "BetterWithLib-1.12-1.5.jar", "author": "primetoxinz", "downloadUrl": "https://edge.forgecdn.net/files/2624/990/BetterWithLib-1.12-1.5.jar", "website": "https://www.curseforge.com/minecraft/mc-mods/bwm-core", "version": "BetterWithLib-1.12-1.5.jar", "clientonly": false, "serveronly": false, "optional": false, "recommendation": "starred", "selected": false, "description": null, "type": "mod"}, "gregtechce": {"projectId": 293327, "name": "GregTech Community Edition", "fileId": 3122706, "fileName": "gregtech-1.12.2-1.10.7.594.jar", "author": "archengius", "downloadUrl": "https://edge.forgecdn.net/files/3122/706/gregtech-1.12.2-1.10.7.594.jar", "website": "https://www.curseforge.com/minecraft/mc-mods/gregtechce", "version": "gregtech-1.12.2-1.10.7.594.jar", "clientonly": false, "serveronly": false, "optional": false, "recommendation": "starred", "selected": false, "description": null, "type": "mod"}, "codechicken-lib-1-8": {"projectId": 242818, "name": "CodeChicken Lib 1.8.+", "fileId": 2779848, "fileName": "CodeChickenLib-1.12.2-3.2.3.358-universal.jar", "author": "covers1624", "downloadUrl": "https://edge.forgecdn.net/files/2779/848/CodeChickenLib-1.12.2-3.2.3.358-universal.jar", "website": "https://www.curseforge.com/minecraft/mc-mods/codechicken-lib-1-8", "version": "CodeChicken Lib 1.12.2-3.2.3.358-universal", "clientonly": false, "serveronly": false, "optional": false, "recommendation": "starred", "selected": false, "description": null, "type": "mod"}, "tfcraft": {"projectId": 302973, "name": "TerraFirmaCraft", "fileId": 3117257, "fileName": "TerraFirmaCraft-MC1.12.2-1.7.9.167.jar", "author": "Dries007", "downloadUrl": "https://edge.forgecdn.net/files/3117/257/TerraFirmaCraft-MC1.12.2-1.7.9.167.jar", "website": "https://www.curseforge.com/minecraft/mc-mods/tfcraft", "version": "TerraFirmaCraft-MC1.12.2-1.7.9.167.jar", "clientonly": false, "serveronly": false, "optional": false, "recommendation": "starred", "selected": false, "description": null, "type": "mod"}, "gregicality": {"projectId": 364851, "name": "Gregicality", "fileId": 3170298, "fileName": "Gregicality-1.12.2-0.21.2.jar", "author": "decal06", "downloadUrl": "https://edge.forgecdn.net/files/3170/298/Gregicality-1.12.2-0.21.2.jar", "website": "https://www.curseforge.com/minecraft/mc-mods/gregicality", "version": "Gregicality-1.12.2-0.21.2.jar", "clientonly": false, "serveronly": false, "optional": false, "recommendation": "starred", "selected": false, "description": null, "type": "mod"}, "tfctech-unofficial": {"projectId": 340660, "name": "TFCTech Unofficial", "fileId": 3062614, "fileName": "TFCTech-Unofficial-MC1.12.2-1.2.15.jar", "author": "dis4str", "downloadUrl": "https://edge.forgecdn.net/files/3062/614/TFCTech-Unofficial-MC1.12.2-1.2.15.jar", "website": "https://www.curseforge.com/minecraft/mc-mods/tfctech-unofficial", "version": "TFCTech-Unofficial-MC1.12.2-1.2.15.jar", "clientonly": false, "serveronly": false, "optional": false, "recommendation": "starred", "selected": false, "description": null, "type": "mod"}, "tfc-metallum": {"projectId": 339156, "name": "TFC: Metallum", "fileId": 3062588, "fileName": "TFC-Metallum-MC1.12.2-1.4.0.jar", "author": "UnlimatedStone9", "downloadUrl": "https://edge.forgecdn.net/files/3062/588/TFC-Metallum-MC1.12.2-1.4.0.jar", "website": "https://www.curseforge.com/minecraft/mc-mods/tfc-metallum", "version": "TFC-Metallum-MC1.12.2-1.4.0.jar", "clientonly": false, "serveronly": false, "optional": false, "recommendation": "starred", "selected": false, "description": null, "type": "mod"}, "terrafirmathings": {"projectId": 386285, "name": "TerraFirmaThings", "fileId": 3168856, "fileName": "terrafirmathings-1.3.3.jar", "author": "Lyeoj", "downloadUrl": "https://edge.forgecdn.net/files/3168/856/terrafirmathings-1.3.3.jar", "website": "https://www.curseforge.com/minecraft/mc-mods/terrafirmathings", "version": "TerraFirmaThings-1.3.3", "clientonly": false, "serveronly": false, "optional": false, "recommendation": "starred", "selected": false, "description": null, "type": "mod"}, "tfc-ambiental": {"projectId": 398442, "name": "TFC Ambiental", "fileId": 3086470, "fileName": "TFCAmbiental-1.1.0.jar", "author": "Lumintorious", "downloadUrl": "https://edge.forgecdn.net/files/3086/470/TFCAmbiental-1.1.0.jar", "website": "https://www.curseforge.com/minecraft/mc-mods/tfc-ambiental", "version": "TFCAmbiental-1.1.0.jar", "clientonly": false, "serveronly": false, "optional": false, "recommendation": "starred", "selected": false, "description": null, "type": "mod"}, "tfc-aged-drinks": {"projectId": 372635, "name": "TFC Aged Drinks", "fileId": 3086468, "fileName": "TFCAgedDrinks-1.0.7.jar", "author": "Lumintorious", "downloadUrl": "https://edge.forgecdn.net/files/3086/468/TFCAgedDrinks-1.0.7.jar", "website": "https://www.curseforge.com/minecraft/mc-mods/tfc-aged-drinks", "version": "TFCAgedDrinks-1.0.7.jar", "clientonly": false, "serveronly": false, "optional": false, "recommendation": "starred", "selected": false, "description": null, "type": "mod"}, "tfc-medicinal": {"projectId": 414233, "name": "TFC Medicinal", "fileId": 3137708, "fileName": "TFCMedicinal-1.0.6.jar", "author": "Lumintorious", "downloadUrl": "https://edge.forgecdn.net/files/3137/708/TFCMedicinal-1.0.6.jar", "website": "https://www.curseforge.com/minecraft/mc-mods/tfc-medicinal", "version": "TFCMedicinal-1.0.6.jar", "clientonly": false, "serveronly": false, "optional": false, "recommendation": "starred", "selected": false, "description": null, "type": "mod"}, "better-with-addons": {"projectId": 268326, "name": "Better With Addons", "fileId": 2899407, "fileName": "Better With Addons-0.51.jar", "author": "BordListian", "downloadUrl": "https://edge.forgecdn.net/files/2899/407/Better With Addons-0.51.jar", "website": "https://www.curseforge.com/minecraft/mc-mods/better-with-addons", "version": "Better With Addons-0.51.jar", "clientonly": false, "serveronly": false, "optional": false, "recommendation": "starred", "selected": false, "description": null, "type": "mod"}, "immersive-engineering": {"projectId": 231951, "name": "Immersive Engineering", "fileId": 2974106, "fileName": "ImmersiveEngineering-0.12-98.jar", "author": "BluSunrize", "downloadUrl": "https://edge.forgecdn.net/files/2974/106/ImmersiveEngineering-0.12-98.jar", "website": "https://www.curseforge.com/minecraft/mc-mods/immersive-engineering", "version": "ImmersiveEngineering-0.12-98", "clientonly": false, "serveronly": false, "optional": false, "recommendation": "starred", "selected": false, "description": null, "type": "mod"}, "immersive-petroleum": {"projectId": 268250, "name": "Immersive Petroleum", "fileId": 2544919, "fileName": "immersivepetroleum-1.12.2-1.1.9.jar", "author": "Flaxbeard", "downloadUrl": "https://edge.forgecdn.net/files/2544/919/immersivepetroleum-1.12.2-1.1.9.jar", "website": "https://www.curseforge.com/minecraft/mc-mods/immersive-petroleum", "version": "immersivepetroleum-1.12.2-1.1.9.jar", "clientonly": false, "serveronly": false, "optional": false, "recommendation": "starred", "selected": false, "description": null, "type": "mod"}, "immersive-intelligence": {"projectId": 344344, "name": "Immersive Intelligence", "fileId": 2944142, "fileName": "immersiveintelligence-1.12.2-0.1.1.jar", "author": "Pabilo8", "downloadUrl": "https://edge.forgecdn.net/files/2944/142/immersiveintelligence-1.12.2-0.1.1.jar", "website": "https://www.curseforge.com/minecraft/mc-mods/immersive-intelligence", "version": "immersiveintelligence-1.12.2-0.1.1.jar", "clientonly": false, "serveronly": false, "optional": false, "recommendation": "starred", "selected": false, "description": null, "type": "mod"}, "mct-immersive-technology": {"projectId": 359407, "name": "Immersive Technology", "fileId": 3162436, "fileName": "MCTImmersiveTechnology-1.12.2-1.8.93.jar", "author": "tgstyle0", "downloadUrl": "https://edge.forgecdn.net/files/3162/436/MCTImmersiveTechnology-1.12.2-1.8.93.jar", "website": "https://www.curseforge.com/minecraft/mc-mods/mct-immersive-technology", "version": "MCTImmersiveTechnology-1.12.2-1.8.93.jar", "clientonly": false, "serveronly": false, "optional": false, "recommendation": "starred", "selected": false, "description": null, "type": "mod"}, "engineers-doors": {"projectId": 291126, "name": "Engineer's Doors", "fileId": 3023901, "fileName": "engineers_doors-1.12.2-0.9.1.jar", "author": "nihiltres", "downloadUrl": "https://edge.forgecdn.net/files/3023/901/engineers_doors-1.12.2-0.9.1.jar", "website": "https://www.curseforge.com/minecraft/mc-mods/engineers-doors", "version": "engineers_doors-1.12.2-0.9.1.jar", "clientonly": false, "serveronly": false, "optional": false, "recommendation": "starred", "selected": false, "description": null, "type": "mod"}, "engineers-decor": {"projectId": 313866, "name": "Engineer's Decor", "fileId": 3033266, "fileName": "engineersdecor-1.12.2-1.1.2.jar", "author": "wilechaote", "downloadUrl": "https://edge.forgecdn.net/files/3033/266/engineersdecor-1.12.2-1.1.2.jar", "website": "https://www.curseforge.com/minecraft/mc-mods/engineers-decor", "version": "engineersdecor-1.12.2-1.1.2.jar", "clientonly": false, "serveronly": false, "optional": false, "recommendation": "starred", "selected": false, "description": null, "type": "mod"}, "mysticalmechanics": {"projectId": 300742, "name": "Mystical Mechanics API", "fileId": 3006392, "fileName": "Mystical Mechanics-0.18.jar", "author": "BordListian", "downloadUrl": "https://edge.forgecdn.net/files/3006/392/Mystical Mechanics-0.18.jar", "website": "https://www.curseforge.com/minecraft/mc-mods/mysticalmechanics", "version": "Mystical Mechanics-0.18.jar", "clientonly": false, "serveronly": false, "optional": false, "recommendation": "starred", "selected": false, "description": null, "type": "mod"}, "mystical-gears": {"projectId": 317915, "name": "Mystical Gears", "fileId": 3105580, "fileName": "mystgears-1.1.6.jar", "author": "RCXcrafter", "downloadUrl": "https://edge.forgecdn.net/files/3105/580/mystgears-1.1.6.jar", "website": "https://www.curseforge.com/minecraft/mc-mods/mystical-gears", "version": "mystgears-1.1.6.jar", "clientonly": false, "serveronly": false, "optional": false, "recommendation": "starred", "selected": false, "description": null, "type": "mod"}, "mechanical-crafting": {"projectId": 359671, "name": "Mechanical Crafting", "fileId": 3059296, "fileName": "MechanicalCrafting-1.2.1.jar", "author": "decivex", "downloadUrl": "https://edge.forgecdn.net/files/3059/296/MechanicalCrafting-1.2.1.jar", "website": "https://www.curseforge.com/minecraft/mc-mods/mechanical-crafting", "version": "MechanicalCrafting-1.2.1.jar", "clientonly": false, "serveronly": false, "optional": false, "recommendation": "starred", "selected": false, "description": null, "type": "mod"}, "embers-rekindled": {"projectId": 300777, "name": "Embers Rekindled", "fileId": 3164160, "fileName": "EmbersRekindled-1.17.jar", "author": "BordListian", "downloadUrl": "https://edge.forgecdn.net/files/3164/160/EmbersRekindled-1.17.jar", "website": "https://www.curseforge.com/minecraft/mc-mods/embers-rekindled", "version": "EmbersRekindled-1.17.jar", "clientonly": false, "serveronly": false, "optional": false, "recommendation": "starred", "selected": false, "description": null, "type": "mod"}, "soot": {"projectId": 281528, "name": "Soot", "fileId": 3056967, "fileName": "Soot-1.10-hotfix.jar", "author": "BordListian", "downloadUrl": "https://edge.forgecdn.net/files/3056/967/Soot-1.10-hotfix.jar", "website": "https://www.curseforge.com/minecraft/mc-mods/soot", "version": "Soot-1.10-hotfix.jar", "clientonly": false, "serveronly": false, "optional": false, "recommendation": "starred", "selected": false, "description": null, "type": "mod"}, "rustic": {"projectId": 256141, "name": "Rustic", "fileId": 3107974, "fileName": "rustic-1.1.7.jar", "author": "cadaverous_queen", "downloadUrl": "https://edge.forgecdn.net/files/3107/974/rustic-1.1.7.jar", "website": "https://www.curseforge.com/minecraft/mc-mods/rustic", "version": "rustic-1.1.7.jar", "clientonly": false, "serveronly": false, "optional": false, "recommendation": "starred", "selected": false, "description": null, "type": "mod"}, "heterorustichromia": {"projectId": 363734, "name": "Heterorustichromia", "fileId": 2980748, "fileName": "Rustichromia-0.9.jar", "author": "BordListian", "downloadUrl": "https://edge.forgecdn.net/files/2980/748/Rustichromia-0.9.jar", "website": "https://www.curseforge.com/minecraft/mc-mods/heterorustichromia", "version": "Rustichromia-0.9.jar", "clientonly": false, "serveronly": false, "optional": false, "recommendation": "starred", "selected": false, "description": null, "type": "mod"}, "logistics-pipes": {"projectId": 232838, "name": "Logistics Pipes", "fileId": 3108729, "fileName": "logisticspipes-0.10.3.73.jar", "author": "mc_rs485", "downloadUrl": "https://edge.forgecdn.net/files/3108/729/logisticspipes-0.10.3.73.jar", "website": "https://www.curseforge.com/minecraft/mc-mods/logistics-pipes", "version": "Logistics Pipes 0.10.3.73", "clientonly": false, "serveronly": false, "optional": false, "recommendation": "starred", "selected": false, "description": null, "type": "mod"}, "redstone-control": {"projectId": 319994, "name": "Redstone Control", "fileId": 3005623, "fileName": "RedstoneControl-1.12.2-0.3.1.3.jar", "author": "Cd4017be", "downloadUrl": "https://edge.forgecdn.net/files/3005/623/RedstoneControl-1.12.2-0.3.1.3.jar", "website": "https://www.curseforge.com/minecraft/mc-mods/redstone-control", "version": "RedstoneControl-1.12.2-0.3.1.3.jar", "clientonly": false, "serveronly": false, "optional": false, "recommendation": "starred", "selected": false, "description": null, "type": "mod"}, "cd4017be-library": {"projectId": 229208, "name": "CD4017BE Library", "fileId": 3004631, "fileName": "CD4017BE_lib-1.12.2-6.5.1.jar", "author": "Cd4017be", "downloadUrl": "https://edge.forgecdn.net/files/3004/631/CD4017BE_lib-1.12.2-6.5.1.jar", "website": "https://www.curseforge.com/minecraft/mc-mods/cd4017be-library", "version": "CD4017BE_lib-1.12.2-6.5.1.jar", "clientonly": false, "serveronly": false, "optional": false, "recommendation": "starred", "selected": false, "description": null, "type": "mod"}, "controlling": {"projectId": 250398, "name": "Controlling", "fileId": 3025548, "fileName": "Controlling-3.0.10.jar", "author": "Jaredlll08", "downloadUrl": "https://edge.forgecdn.net/files/3025/548/Controlling-3.0.10.jar", "website": "https://www.curseforge.com/minecraft/mc-mods/controlling", "version": "Controlling-3.0.10", "clientonly": false, "serveronly": false, "optional": false, "recommendation": "starred", "selected": false, "description": null, "type": "mod"}, "foamfix-optimization-mod": {"projectId": 278494, "name": "Foam\u200bFix", "fileId": 3137883, "fileName": "foamfix-0.10.11-1.12.2.jar", "author": "asiekierka", "downloadUrl": "https://edge.forgecdn.net/files/3137/883/foamfix-0.10.11-1.12.2.jar", "website": "https://www.curseforge.com/minecraft/mc-mods/foamfix-optimization-mod", "version": "FoamFix 0.10.11 (1.12.2)", "clientonly": false, "serveronly": false, "optional": false, "recommendation": "starred", "selected": false, "description": null, "type": "mod"}, "jeid": {"projectId": 296289, "name": "JustEnoughIDs", "fileId": 2919737, "fileName": "JustEnoughIDs-1.0.3-55.jar", "author": "Runemoro", "downloadUrl": "https://edge.forgecdn.net/files/2919/737/JustEnoughIDs-1.0.3-55.jar", "website": "https://www.curseforge.com/minecraft/mc-mods/jeid", "version": "JustEnoughIDs 1.0.3-55", "clientonly": false, "serveronly": false, "optional": false, "recommendation": "starred", "selected": false, "description": null, "type": "mod"}, "jei": {"projectId": 238222, "name": "Just Enough Items (JEI)", "fileId": 3043174, "fileName": "jei_1.12.2-4.16.1.302.jar", "author": "mezz", "downloadUrl": "https://edge.forgecdn.net/files/3043/174/jei_1.12.2-4.16.1.302.jar", "website": "https://www.curseforge.com/minecraft/mc-mods/jei", "version": "jei_1.12.2-4.16.1.302.jar", "clientonly": false, "serveronly": false, "optional": false, "recommendation": "starred", "selected": false, "description": null, "type": "mod"}, "just-enough-petroleum": {"projectId": 291727, "name": "Just Enough Petroleum", "fileId": 2549332, "fileName": "JustEnoughPetroleum-0.1.jar", "author": "BordListian", "downloadUrl": "https://edge.forgecdn.net/files/2549/332/JustEnoughPetroleum-0.1.jar", "website": "https://www.curseforge.com/minecraft/mc-mods/just-enough-petroleum", "version": "JustEnoughPetroleum-0.1.jar", "clientonly": false, "serveronly": false, "optional": false, "recommendation": "starred", "selected": false, "description": null, "type": "mod"}, "the-one-probe": {"projectId": 245211, "name": "The One Probe", "fileId": 2667280, "fileName": "theoneprobe-1.12-1.4.28.jar", "author": "McJty", "downloadUrl": "https://edge.forgecdn.net/files/2667/280/theoneprobe-1.12-1.4.28.jar", "website": "https://www.curseforge.com/minecraft/mc-mods/the-one-probe", "version": "TheOneProbe - 1.12-1.4.28", "clientonly": false, "serveronly": false, "optional": false, "recommendation": "starred", "selected": false, "description": null, "type": "mod"}, "top-addons": {"projectId": 247111, "name": "TOP Addons", "fileId": 2887479, "fileName": "topaddons-1.12.2-1.13.0.jar", "author": "DrManganese", "downloadUrl": "https://edge.forgecdn.net/files/2887/479/topaddons-1.12.2-1.13.0.jar", "website": "https://www.curseforge.com/minecraft/mc-mods/top-addons", "version": "topaddons-1.12.2-1.13.0.jar", "clientonly": false, "serveronly": false, "optional": false, "recommendation": "starred", "selected": false, "description": null, "type": "mod"}, "patchouli": {"projectId": 306770, "name": "Patchouli", "fileId": 3162874, "fileName": "Patchouli-1.0-23.6.jar", "author": "Vazkii", "downloadUrl": "https://edge.forgecdn.net/files/3162/874/Patchouli-1.0-23.6.jar", "website": "https://www.curseforge.com/minecraft/mc-mods/patchouli", "version": "Patchouli-1.0-23.6.jar", "clientonly": false, "serveronly": false, "optional": false, "recommendation": "starred", "selected": false, "description": null, "type": "mod"}, "crafttweaker": {"projectId": 239197, "name": "CraftTweaker", "fileId": 3167349, "fileName": "CraftTweaker2-1.12-4.1.20.613.jar", "author": "Jaredlll08", "downloadUrl": "https://edge.forgecdn.net/files/3167/349/CraftTweaker2-1.12-4.1.20.613.jar", "website": "https://www.curseforge.com/minecraft/mc-mods/crafttweaker", "version": "CraftTweaker2-1.12-4.1.20.613.jar", "clientonly": false, "serveronly": false, "optional": false, "recommendation": "starred", "selected": false, "description": null, "type": "mod"}, "modtweaker": {"projectId": 220954, "name": "ModTweaker", "fileId": 2881277, "fileName": "modtweaker-4.0.18.jar", "author": "Jaredlll08", "downloadUrl": "https://edge.forgecdn.net/files/2881/277/modtweaker-4.0.18.jar", "website": "https://www.curseforge.com/minecraft/mc-mods/modtweaker", "version": "modtweaker-4.0.18", "clientonly": false, "serveronly": false, "optional": false, "recommendation": "starred", "selected": false, "description": null, "type": "mod"}, "mtlib": {"projectId": 253211, "name": "MTLib", "fileId": 2684561, "fileName": "MTLib-3.0.6.jar", "author": "Jaredlll08", "downloadUrl": "https://edge.forgecdn.net/files/2684/561/MTLib-3.0.6.jar", "website": "https://www.curseforge.com/minecraft/mc-mods/mtlib", "version": "MTLib-3.0.6", "clientonly": false, "serveronly": false, "optional": false, "recommendation": "starred", "selected": false, "description": null, "type": "mod"}, "moretweaker": {"projectId": 336569, "name": "MoreTweaker", "fileId": 2929872, "fileName": "MoreTweaker-1.0.16.jar", "author": "noeppinoeppi", "downloadUrl": "https://edge.forgecdn.net/files/2929/872/MoreTweaker-1.0.16.jar", "website": "https://www.curseforge.com/minecraft/mc-mods/moretweaker", "version": "MoreTweaker-1.0.16.jar", "clientonly": false, "serveronly": false, "optional": false, "recommendation": "starred", "selected": false, "description": null, "type": "mod"}, "contenttweaker": {"projectId": 237065, "name": "ContentTweaker", "fileId": 2652853, "fileName": "ContentTweaker-1.12.2-4.9.1.jar", "author": "Jaredlll08", "downloadUrl": "https://edge.forgecdn.net/files/2652/853/ContentTweaker-1.12.2-4.9.1.jar", "website": "https://www.curseforge.com/minecraft/mc-mods/contenttweaker", "version": "ContentTweaker-1.12.2-4.9.1.jar", "clientonly": false, "serveronly": false, "optional": false, "recommendation": "starred", "selected": false, "description": null, "type": "mod"}, "base": {"projectId": 246996, "name": "B.A.S.E", "fileId": 2722575, "fileName": "base-1.12.2-3.13.0.jar", "author": "lanse505", "downloadUrl": "https://edge.forgecdn.net/files/2722/575/base-1.12.2-3.13.0.jar", "website": "https://www.curseforge.com/minecraft/mc-mods/base", "version": "base-1.12.2-3.13.0.jar", "clientonly": false, "serveronly": false, "optional": false, "recommendation": "starred", "selected": false, "description": null, "type": "mod"}, "game-stages": {"projectId": 268655, "name": "Game Stages", "fileId": 2951840, "fileName": "GameStages-1.12.2-2.0.123.jar", "author": "DarkhaxDev", "downloadUrl": "https://edge.forgecdn.net/files/2951/840/GameStages-1.12.2-2.0.123.jar", "website": "https://www.curseforge.com/minecraft/mc-mods/game-stages", "version": "GameStages-1.12.2-2.0.123.jar", "clientonly": false, "serveronly": false, "optional": false, "recommendation": "starred", "selected": false, "description": null, "type": "mod"}, "bookshelf": {"projectId": 228525, "name": "Bookshelf", "fileId": 2836960, "fileName": "Bookshelf-1.12.2-2.3.590.jar", "author": "DarkhaxDev", "downloadUrl": "https://edge.forgecdn.net/files/2836/960/Bookshelf-1.12.2-2.3.590.jar", "website": "https://www.curseforge.com/minecraft/mc-mods/bookshelf", "version": "Bookshelf-1.12.2-2.3.590.jar", "clientonly": false, "serveronly": false, "optional": false, "recommendation": "starred", "selected": false, "description": null, "type": "mod"}, "multiblocktweaker": {"projectId": 386188, "name": "MultiblockTweaker", "fileId": 3112569, "fileName": "multiblocktweaker-1.12.2-stable-1.3.2.jar", "author": "Eutropium", "downloadUrl": "https://edge.forgecdn.net/files/3112/569/multiblocktweaker-1.12.2-stable-1.3.2.jar", "website": "https://www.curseforge.com/minecraft/mc-mods/multiblocktweaker", "version": "multiblocktweaker-1.12.2-stable-1.3.2.jar", "clientonly": false, "serveronly": false, "optional": false, "recommendation": "starred", "selected": false, "description": null, "type": "mod"}, "artisan-worktables": {"projectId": 284351, "name": "Artisan Worktables 1.12", "fileId": 3062230, "fileName": "artisanworktables-1.12.2-1.24.0.jar", "author": "codetaylor", "downloadUrl": "https://edge.forgecdn.net/files/3062/230/artisanworktables-1.12.2-1.24.0.jar", "website": "https://www.curseforge.com/minecraft/mc-mods/artisan-worktables", "version": "artisanworktables-1.12.2-1.24.0.jar", "clientonly": false, "serveronly": false, "optional": false, "recommendation": "starred", "selected": false, "description": null, "type": "mod"}, "athenaeum": {"projectId": 284350, "name": "Athenaeum", "fileId": 3063275, "fileName": "athenaeum-1.12.2-1.19.2.jar", "author": "codetaylor", "downloadUrl": "https://edge.forgecdn.net/files/3063/275/athenaeum-1.12.2-1.19.2.jar", "website": "https://www.curseforge.com/minecraft/mc-mods/athenaeum", "version": "athenaeum-1.12.2-1.19.2.jar", "clientonly": false, "serveronly": false, "optional": false, "recommendation": "starred", "selected": false, "description": null, "type": "mod"}, "artisan-integrations": {"projectId": 330466, "name": "Artisan Integrations", "fileId": 2994096, "fileName": "artisanintegrations-1.12.2-1.2.2.jar", "author": "codetaylor", "downloadUrl": "https://edge.forgecdn.net/files/2994/96/artisanintegrations-1.12.2-1.2.2.jar", "website": "https://www.curseforge.com/minecraft/mc-mods/artisan-integrations", "version": "artisanintegrations-1.12.2-1.2.2.jar", "clientonly": false, "serveronly": false, "optional": false, "recommendation": "starred", "selected": false, "description": null, "type": "mod"}, "artisan-automation": {"projectId": 373329, "name": "Artisan Automation", "fileId": 2994098, "fileName": "artisanautomation-1.12.2-1.0.6.jar", "author": "codetaylor", "downloadUrl": "https://edge.forgecdn.net/files/2994/98/artisanautomation-1.12.2-1.0.6.jar", "website": "https://www.curseforge.com/minecraft/mc-mods/artisan-automation", "version": "artisanautomation-1.12.2-1.0.6.jar", "clientonly": false, "serveronly": false, "optional": false, "recommendation": "starred", "selected": false, "description": null, "type": "mod"}, "from-the-ground-up": {"projectId": 250717, "name": "From the Ground Up", "fileId": 2942248, "fileName": "ftgu-1.12.2-b1.4.1.jar", "author": "Astavie", "downloadUrl": "https://edge.forgecdn.net/files/2942/248/ftgu-1.12.2-b1.4.1.jar", "website": "https://www.curseforge.com/minecraft/mc-mods/from-the-ground-up", "version": " FTGU-1.12.2-b1.4.1", "clientonly": false, "serveronly": false, "optional": false, "recommendation": "starred", "selected": false, "description": null, "type": "mod"}, "dynamictrees": {"projectId": 252818, "name": "Dynamic Trees", "fileId": 3105281, "fileName": "DynamicTrees-1.12.2-0.9.21.jar", "author": "ferreusveritas", "downloadUrl": "https://edge.forgecdn.net/files/3105/281/DynamicTrees-1.12.2-0.9.21.jar", "website": "https://www.curseforge.com/minecraft/mc-mods/dynamictrees", "version": "DynamicTrees-1.12.2-0.9.21.jar", "clientonly": false, "serveronly": false, "optional": false, "recommendation": "starred", "selected": false, "description": null, "type": "mod"}, "dynamictreestfc": {"projectId": 362368, "name": "Dynamic Trees TFC", "fileId": 3097841, "fileName": "dynamictreestfc-0.9.15.jar", "author": "gaelmare", "downloadUrl": "https://edge.forgecdn.net/files/3097/841/dynamictreestfc-0.9.15.jar", "website": "https://www.curseforge.com/minecraft/mc-mods/dynamictreestfc", "version": "dynamictreestfc-0.9.15.jar", "clientonly": false, "serveronly": false, "optional": false, "recommendation": "starred", "selected": false, "description": null, "type": "mod"}, "dynamic-trees-forestry": {"projectId": 401558, "name": "Dynamic Trees - Forestry", "fileId": 3102191, "fileName": "DynamicTreesForestry-1.12.2-1.0.9.jar", "author": "supermassimo0310", "downloadUrl": "https://edge.forgecdn.net/files/3102/191/DynamicTreesForestry-1.12.2-1.0.9.jar", "website": "https://www.curseforge.com/minecraft/mc-mods/dynamic-trees-forestry", "version": "DynamicTreesForestry-1.12.2-1.0.9.jar", "clientonly": false, "serveronly": false, "optional": false, "recommendation": "starred", "selected": false, "description": null, "type": "mod"}, "botania": {"projectId": 225643, "name": "Botania", "fileId": 2846950, "fileName": "Botania r1.10-363.jar", "author": "Vazkii", "downloadUrl": "https://edge.forgecdn.net/files/2846/950/Botania r1.10-363.jar", "website": "https://www.curseforge.com/minecraft/mc-mods/botania", "version": "Botania r1.10-363.jar", "clientonly": false, "serveronly": false, "optional": false, "recommendation": "starred", "selected": false, "description": null, "type": "mod"}, "bewitchment": {"projectId": 285439, "name": "Bewitchment", "fileId": 3122829, "fileName": "bewitchment-1.12.2-0.0.22.46.jar", "author": "sunconure11", "downloadUrl": "https://edge.forgecdn.net/files/3122/829/bewitchment-1.12.2-0.0.22.46.jar", "website": "https://www.curseforge.com/minecraft/mc-mods/bewitchment", "version": "bewitchment-1.12.2-0.0.22.46.jar", "clientonly": false, "serveronly": false, "optional": false, "recommendation": "starred", "selected": false, "description": null, "type": "mod"}, "pneumaticcraft-repressurized": {"projectId": 281849, "name": "PneumaticCraft: Repressurized", "fileId": 2978408, "fileName": "pneumaticcraft-repressurized-1.12.2-0.11.15-398.jar", "author": "desht_08", "downloadUrl": "https://edge.forgecdn.net/files/2978/408/pneumaticcraft-repressurized-1.12.2-0.11.15-398.jar", "website": "https://www.curseforge.com/minecraft/mc-mods/pneumaticcraft-repressurized", "version": "pneumaticcraft-repressurized-1.12.2-0.11.15-398.jar", "clientonly": false, "serveronly": false, "optional": false, "recommendation": "starred", "selected": false, "description": null, "type": "mod"}, "wearable-backpacks": {"projectId": 257572, "name": "Copygirl's Wearable Backpacks", "fileId": 2800372, "fileName": "WearableBackpacks-1.12.2-3.1.4.jar", "author": "HeckinChloe", "downloadUrl": "https://edge.forgecdn.net/files/2800/372/WearableBackpacks-1.12.2-3.1.4.jar", "website": "https://www.curseforge.com/minecraft/mc-mods/wearable-backpacks", "version": " Wearable Backpacks - 1.12.2 - 3.1.4", "clientonly": false, "serveronly": false, "optional": false, "recommendation": "starred", "selected": false, "description": null, "type": "mod"}, "inspirations": {"projectId": 284007, "name": "Inspirations", "fileId": 2843007, "fileName": "Inspirations-1.12.2-0.2.9.jar", "author": "KnightMiner", "downloadUrl": "https://edge.forgecdn.net/files/2843/7/Inspirations-1.12.2-0.2.9.jar", "website": "https://www.curseforge.com/minecraft/mc-mods/inspirations", "version": "Inspirations 0.2.9 for 1.12.2", "clientonly": false, "serveronly": false, "optional": false, "recommendation": "starred", "selected": false, "description": null, "type": "mod"}, "mantle": {"projectId": 74924, "name": "Mantle", "fileId": 2713386, "fileName": "Mantle-1.12-1.3.3.55.jar", "author": "mDiyo", "downloadUrl": "https://edge.forgecdn.net/files/2713/386/Mantle-1.12-1.3.3.55.jar", "website": "https://www.curseforge.com/minecraft/mc-mods/mantle", "version": "Mantle-1.12-1.3.3.55.jar", "clientonly": false, "serveronly": false, "optional": false, "recommendation": "starred", "selected": false, "description": null, "type": "mod"}, "railcraft": {"projectId": 51195, "name": "Railcraft", "fileId": 2687757, "fileName": "railcraft-12.0.0.jar", "author": "Covert_Jaguar", "downloadUrl": "https://edge.forgecdn.net/files/2687/757/railcraft-12.0.0.jar", "website": "https://www.curseforge.com/minecraft/mc-mods/railcraft", "version": "Railcraft 12.0.0 - MC 1.12.2", "clientonly": false, "serveronly": false, "optional": false, "recommendation": "starred", "selected": false, "description": null, "type": "mod"}, "steves-carts-reborn": {"projectId": 253462, "name": "Steve's Carts Reborn", "fileId": 2834651, "fileName": "StevesCarts-1.12.2-2.4.32.137.jar", "author": "modmuss50", "downloadUrl": "https://edge.forgecdn.net/files/2834/651/StevesCarts-1.12.2-2.4.32.137.jar", "website": "https://www.curseforge.com/minecraft/mc-mods/steves-carts-reborn", "version": "StevesCarts-1.12.2-2.4.32.137.jar", "clientonly": false, "serveronly": false, "optional": false, "recommendation": "starred", "selected": false, "description": null, "type": "mod"}, "reborncore": {"projectId": 237903, "name": "Reborn Core", "fileId": 2966845, "fileName": "RebornCore-1.12.2-3.19.4.529-universal.jar", "author": "modmuss50", "downloadUrl": "https://edge.forgecdn.net/files/2966/845/RebornCore-1.12.2-3.19.4.529-universal.jar", "website": "https://www.curseforge.com/minecraft/mc-mods/reborncore", "version": "RebornCore-1.12.2-3.19.4.529-universal.jar", "clientonly": false, "serveronly": false, "optional": false, "recommendation": "starred", "selected": false, "description": null, "type": "mod"}, "forestry": {"projectId": 59751, "name": "Forestry", "fileId": 2918418, "fileName": "forestry_1.12.2-5.8.2.422.jar", "author": "_ForgeUser7678633", "downloadUrl": "https://edge.forgecdn.net/files/2918/418/forestry_1.12.2-5.8.2.422.jar", "website": "https://www.curseforge.com/minecraft/mc-mods/forestry", "version": "forestry_1.12.2-5.8.2.422.jar", "clientonly": false, "serveronly": false, "optional": false, "recommendation": "starred", "selected": false, "description": null, "type": "mod"}, "sakura": {"projectId": 333079, "name": "Sakura", "fileId": 3152249, "fileName": "Sakura-1.0.5-1.12.2.jar", "author": "sz0999312", "downloadUrl": "https://edge.forgecdn.net/files/3152/249/Sakura-1.0.5-1.12.2.jar", "website": "https://www.curseforge.com/minecraft/mc-mods/sakura", "version": "Sakura-1.0.5-1.12.2.jar", "clientonly": false, "serveronly": false, "optional": false, "recommendation": "starred", "selected": false, "description": null, "type": "mod"}, "mysterious-mountain-lib": {"projectId": 368098, "name": "Mysterious Mountain Lib", "fileId": 3152248, "fileName": "MMLib-2.2.0.jar", "author": "sz0999312", "downloadUrl": "https://edge.forgecdn.net/files/3152/248/MMLib-2.2.0.jar", "website": "https://www.curseforge.com/minecraft/mc-mods/mysterious-mountain-lib", "version": "MMLib-2.2.0.jar", "clientonly": false, "serveronly": false, "optional": false, "recommendation": "starred", "selected": false, "description": null, "type": "mod"}, "baubles": {"projectId": 227083, "name": "Baubles", "fileId": 2518667, "fileName": "Baubles-1.12-1.5.2.jar", "author": "Azanor13", "downloadUrl": "https://edge.forgecdn.net/files/2518/667/Baubles-1.12-1.5.2.jar", "website": "https://www.curseforge.com/minecraft/mc-mods/baubles", "version": "Baubles-1.12-1.5.2.jar", "clientonly": false, "serveronly": false, "optional": false, "recommendation": "starred", "selected": false, "description": null, "type": "mod"}, "pollution-of-the-realms": {"projectId": 269973, "name": "Pollution of the Realms", "fileId": 3106845, "fileName": "AdPother-1.12.2-1.2.12.0-build.0558.jar", "author": "EnderLanky", "downloadUrl": "https://edge.forgecdn.net/files/3106/845/AdPother-1.12.2-1.2.12.0-build.0558.jar", "website": "https://www.curseforge.com/minecraft/mc-mods/pollution-of-the-realms", "version": "AdPother-1.12.2-1.2.12.0-build.0558.jar", "clientonly": false, "serveronly": false, "optional": false, "recommendation": "starred", "selected": false, "description": null, "type": "mod"}, "forgeendertech": {"projectId": 244844, "name": "ForgeEndertech", "fileId": 3137504, "fileName": "ForgeEndertech-1.12.2-4.5.5.0-build.0561.jar", "author": "EnderLanky", "downloadUrl": "https://edge.forgecdn.net/files/3137/504/ForgeEndertech-1.12.2-4.5.5.0-build.0561.jar", "website": "https://www.curseforge.com/minecraft/mc-mods/forgeendertech", "version": "ForgeEndertech-1.12.2-4.5.5.0-build.0561.jar", "clientonly": false, "serveronly": false, "optional": false, "recommendation": "starred", "selected": false, "description": null, "type": "mod"}, "advanced-chimneys": {"projectId": 244830, "name": "Advanced Chimneys", "fileId": 3112419, "fileName": "AdChimneys-1.12.2-3.5.15.0-build.0560.jar", "author": "EnderLanky", "downloadUrl": "https://edge.forgecdn.net/files/3112/419/AdChimneys-1.12.2-3.5.15.0-build.0560.jar", "website": "https://www.curseforge.com/minecraft/mc-mods/advanced-chimneys", "version": "AdChimneys-1.12.2-3.5.15.0-build.0560.jar", "clientonly": false, "serveronly": false, "optional": false, "recommendation": "starred", "selected": false, "description": null, "type": "mod"}, "primalcore": {"projectId": 247907, "name": "PrimalCore", "fileId": 2734701, "fileName": "PrimalCore-1.12.2-0.6.105.jar", "author": "Aun_Sar", "downloadUrl": "https://edge.forgecdn.net/files/2734/701/PrimalCore-1.12.2-0.6.105.jar", "website": "https://www.curseforge.com/minecraft/mc-mods/primalcore", "version": "PrimalCore-1.12.2-0.6.105.jar", "clientonly": false, "serveronly": false, "optional": false, "recommendation": "starred", "selected": false, "description": null, "type": "mod"}}, "files": [{"location": "src/"}], "extraopt": {}}